
Microsoft Visual Studio Solution File, Format Version 12.00
# Visual Studio Version 17
VisualStudioVersion = 17.5.33530.505
MinimumVisualStudioVersion = 10.0.40219.1
Project("{FAE04EC0-301F-11D3-BF4B-00C04F79EFBC}") = "Assignment 1", "Assignment 1.csproj", "{04C82CFE-0CED-4B0E-9601-FB393BC6F88C}"
EndProject
Global
	GlobalSection(SolutionConfigurationPlatforms) = preSolution
		Debug|Any CPU = Debug|Any CPU
		Release|Any CPU = Release|Any CPU
	EndGlobalSection
	GlobalSection(ProjectConfigurationPlatforms) = postSolution
		{04C82CFE-0CED-4B0E-9601-FB393BC6F88C}.Debug|Any CPU.ActiveCfg = Debug|Any CPU
		{04C82CFE-0CED-4B0E-9601-FB393BC6F88C}.Debug|Any CPU.Build.0 = Debug|Any CPU
		{04C82CFE-0CED-4B0E-9601-FB393BC6F88C}.Release|Any CPU.ActiveCfg = Release|Any CPU
		{04C82CFE-0CED-4B0E-9601-FB393BC6F88C}.Release|Any CPU.Build.0 = Release|Any CPU
	EndGlobalSection
	GlobalSection(SolutionProperties) = preSolution
		HideSolutionNode = FALSE
	EndGlobalSection
	GlobalSection(ExtensibilityGlobals) = postSolution
		SolutionGuid = {B2042697-1E33-4095-B4CC-45FE794606E3}
	EndGlobalSection
EndGlobal
