
Microsoft Visual Studio Solution File, Format Version 12.00
# Visual Studio Version 17
VisualStudioVersion = 17.9.34701.34
MinimumVisualStudioVersion = 10.0.40219.1
Project("{FAE04EC0-301F-11D3-BF4B-00C04F79EFBC}") = "Assignment 3C", "Assignment 3C.csproj", "{69313BFD-4FF6-49E8-91DA-0E7CF2676D48}"
EndProject
Global
	GlobalSection(SolutionConfigurationPlatforms) = preSolution
		Debug|Any CPU = Debug|Any CPU
		Release|Any CPU = Release|Any CPU
	EndGlobalSection
	GlobalSection(ProjectConfigurationPlatforms) = postSolution
		{69313BFD-4FF6-49E8-91DA-0E7CF2676D48}.Debug|Any CPU.ActiveCfg = Debug|Any CPU
		{69313BFD-4FF6-49E8-91DA-0E7CF2676D48}.Debug|Any CPU.Build.0 = Debug|Any CPU
		{69313BFD-4FF6-49E8-91DA-0E7CF2676D48}.Release|Any CPU.ActiveCfg = Release|Any CPU
		{69313BFD-4FF6-49E8-91DA-0E7CF2676D48}.Release|Any CPU.Build.0 = Release|Any CPU
	EndGlobalSection
	GlobalSection(SolutionProperties) = preSolution
		HideSolutionNode = FALSE
	EndGlobalSection
	GlobalSection(ExtensibilityGlobals) = postSolution
		SolutionGuid = {3F907085-F66F-4266-9737-A3397F550145}
	EndGlobalSection
EndGlobal
